
Microsoft Visual Studio Solution File, Format Version 12.00
# Visual Studio 15
VisualStudioVersion = 15.0.28307.438
MinimumVisualStudioVersion = 10.0.40219.1
Project("{FAE04EC0-301F-11D3-BF4B-00C04F79EFBC}") = "HTMLHELPERS1", "HTMLHELPERS1\HTMLHELPERS1.csproj", "{739A8BB2-A7E5-4025-BD28-6D3B70D09586}"
EndProject
Global
	GlobalSection(SolutionConfigurationPlatforms) = preSolution
		Debug|Any CPU = Debug|Any CPU
		Release|Any CPU = Release|Any CPU
	EndGlobalSection
	GlobalSection(ProjectConfigurationPlatforms) = postSolution
		{739A8BB2-A7E5-4025-BD28-6D3B70D09586}.Debug|Any CPU.ActiveCfg = Debug|Any CPU
		{739A8BB2-A7E5-4025-BD28-6D3B70D09586}.Debug|Any CPU.Build.0 = Debug|Any CPU
		{739A8BB2-A7E5-4025-BD28-6D3B70D09586}.Release|Any CPU.ActiveCfg = Release|Any CPU
		{739A8BB2-A7E5-4025-BD28-6D3B70D09586}.Release|Any CPU.Build.0 = Release|Any CPU
	EndGlobalSection
	GlobalSection(SolutionProperties) = preSolution
		HideSolutionNode = FALSE
	EndGlobalSection
	GlobalSection(ExtensibilityGlobals) = postSolution
		SolutionGuid = {ACE8B96C-5515-4B13-B979-11D9F104F102}
	EndGlobalSection
EndGlobal
